
Microsoft Visual Studio Solution File, Format Version 12.00
# Visual Studio Version 16
VisualStudioVersion = 25.0.1705.3
MinimumVisualStudioVersion = 10.0.40219.1
Project("{FAE04EC0-301F-11D3-BF4B-00C04F79EFBC}") = "BuilderPattern", "BuilderPattern\BuilderPattern.csproj", "{459227AA-10A6-44C9-AADD-DAE022BC1E6A}"
EndProject
Project("{FAE04EC0-301F-11D3-BF4B-00C04F79EFBC}") = "DecoratorPattern", "DecoratorPattern\DecoratorPattern.csproj", "{79A9A511-6A81-41A8-9F43-A37CC74A1FD6}"
EndProject
Global
	GlobalSection(SolutionConfigurationPlatforms) = preSolution
		Debug|Any CPU = Debug|Any CPU
		Release|Any CPU = Release|Any CPU
	EndGlobalSection
	GlobalSection(ProjectConfigurationPlatforms) = postSolution
		{459227AA-10A6-44C9-AADD-DAE022BC1E6A}.Debug|Any CPU.ActiveCfg = Debug|Any CPU
		{459227AA-10A6-44C9-AADD-DAE022BC1E6A}.Debug|Any CPU.Build.0 = Debug|Any CPU
		{459227AA-10A6-44C9-AADD-DAE022BC1E6A}.Release|Any CPU.ActiveCfg = Release|Any CPU
		{459227AA-10A6-44C9-AADD-DAE022BC1E6A}.Release|Any CPU.Build.0 = Release|Any CPU
		{79A9A511-6A81-41A8-9F43-A37CC74A1FD6}.Debug|Any CPU.ActiveCfg = Debug|Any CPU
		{79A9A511-6A81-41A8-9F43-A37CC74A1FD6}.Debug|Any CPU.Build.0 = Debug|Any CPU
		{79A9A511-6A81-41A8-9F43-A37CC74A1FD6}.Release|Any CPU.ActiveCfg = Release|Any CPU
		{79A9A511-6A81-41A8-9F43-A37CC74A1FD6}.Release|Any CPU.Build.0 = Release|Any CPU
	EndGlobalSection
	GlobalSection(SolutionProperties) = preSolution
		HideSolutionNode = FALSE
	EndGlobalSection
	GlobalSection(ExtensibilityGlobals) = postSolution
		SolutionGuid = {2F1EA7FA-0C9B-4E34-A46A-C03BD2C28C8A}
	EndGlobalSection
EndGlobal
